
Microsoft Visual Studio Solution File, Format Version 12.00
# Visual Studio Version 16
VisualStudioVersion = 16.0.29319.158
MinimumVisualStudioVersion = 10.0.40219.1
Project("{2150E333-8FDC-42A3-9474-1A3956D46DE8}") = "src", "src", "{6ED356A7-8B47-4613-AD01-C85CF28491BD}"
EndProject
Project("{2150E333-8FDC-42A3-9474-1A3956D46DE8}") = "tests", "tests", "{664D406C-2F83-48F0-BFC3-408D5CB53C65}"
EndProject
Project("{9A19103F-16F7-4668-BE54-9A1E7A4F7556}") = "Application.UnitTests", "tests\Application.UnitTests\Application.UnitTests.csproj", "{DEFF4009-1FAB-4392-80B6-707E2DC5C00B}"
EndProject
Project("{9A19103F-16F7-4668-BE54-9A1E7A4F7556}") = "Domain.UnitTests", "tests\Domain.UnitTests\Domain.UnitTests.csproj", "{DC37FD87-552C-4613-9F16-1537CA522898}"
EndProject
Project("{9A19103F-16F7-4668-BE54-9A1E7A4F7556}") = "Application.IntegrationTests", "tests\Application.IntegrationTests\Application.IntegrationTests.csproj", "{277029AF-D9E1-4B75-9F11-48FEA7345AD7}"
EndProject
Project("{9A19103F-16F7-4668-BE54-9A1E7A4F7556}") = "API", "src\API\API.csproj", "{25322591-61DE-49B8-BA7D-21E18E2E43D0}"
EndProject
Project("{9A19103F-16F7-4668-BE54-9A1E7A4F7556}") = "BlazorUI", "src\BlazorUI\BlazorUI.csproj", "{5708E835-8BB5-483E-85CD-75BE8C591E61}"
EndProject
Project("{2150E333-8FDC-42A3-9474-1A3956D46DE8}") = "User", "User", "{65AD819B-0E05-4ADE-BE60-A4E0E411D862}"
EndProject
Project("{2150E333-8FDC-42A3-9474-1A3956D46DE8}") = "Todolist", "Todolist", "{0E29282F-8FAA-44E3-A06F-774E77E4F8C0}"
EndProject
Project("{9A19103F-16F7-4668-BE54-9A1E7A4F7556}") = "User.Application", "src\User.Application\User.Application.csproj", "{D3417AD0-DAB3-439C-A944-FC5D3F42DD7E}"
EndProject
Project("{9A19103F-16F7-4668-BE54-9A1E7A4F7556}") = "User.Domain", "src\User.Domain\User.Domain.csproj", "{3C84AD5A-FD20-4418-9914-1EFE28717F95}"
EndProject
Project("{9A19103F-16F7-4668-BE54-9A1E7A4F7556}") = "User.Infrastructure", "src\User.Infrastructure\User.Infrastructure.csproj", "{13CA0A75-489C-4D06-ABB4-15B6D8C71929}"
EndProject
Project("{9A19103F-16F7-4668-BE54-9A1E7A4F7556}") = "Todolist.Application", "src\Todolist.Application\Todolist.Application.csproj", "{72B0E5DA-80AE-48F0-ACAA-B40BDBF9D941}"
EndProject
Project("{9A19103F-16F7-4668-BE54-9A1E7A4F7556}") = "Todolist.Domain", "src\Todolist.Domain\Todolist.Domain.csproj", "{75DB035F-5081-4934-A751-90F2E21BF3D1}"
EndProject
Project("{9A19103F-16F7-4668-BE54-9A1E7A4F7556}") = "Todolist.Infrastructure", "src\Todolist.Infrastructure\Todolist.Infrastructure.csproj", "{727905B8-C71D-4800-B4AA-938C6DC40989}"
EndProject
Project("{9A19103F-16F7-4668-BE54-9A1E7A4F7556}") = "User.Application.Shared", "src\User.Shared\User.Application.Shared.csproj", "{9C648446-608B-47EA-85A3-F92A14A382A9}"
EndProject
Project("{9A19103F-16F7-4668-BE54-9A1E7A4F7556}") = "Shared.Infrastructure", "src\Shared.Infrastructure\Shared.Infrastructure.csproj", "{73D7F6A9-D578-4436-9B1A-7CF97D577E36}"
EndProject
Project("{9A19103F-16F7-4668-BE54-9A1E7A4F7556}") = "Shared.Application", "src\Shared.Application\Shared.Application.csproj", "{044F3308-801F-4BFD-A8D5-073E453EACF7}"
EndProject
Project("{9A19103F-16F7-4668-BE54-9A1E7A4F7556}") = "Shared.Domain", "src\Shared.Domain\Shared.Domain.csproj", "{ACEE39B8-BDD6-42CA-B233-41C9F6879531}"
EndProject
Project("{2150E333-8FDC-42A3-9474-1A3956D46DE8}") = "Modules", "Modules", "{72193F16-4B40-4706-912A-0D3246B9F98A}"
EndProject
Project("{2150E333-8FDC-42A3-9474-1A3956D46DE8}") = "Shared", "Shared", "{288EAB21-3041-4058-9A2D-14495A553976}"
EndProject
Project("{9A19103F-16F7-4668-BE54-9A1E7A4F7556}") = "IdentityServer", "src\IdentityServer\IdentityServer.csproj", "{5CF296CC-62CF-41E3-AEF5-B322E2E5F978}"
EndProject
Project("{9A19103F-16F7-4668-BE54-9A1E7A4F7556}") = "Client", "src\Client\Client.csproj", "{0B00A7F1-6B2B-4B0D-921D-B707DA82D846}"
EndProject
Global
	GlobalSection(SolutionConfigurationPlatforms) = preSolution
		Debug|Any CPU = Debug|Any CPU
		Release|Any CPU = Release|Any CPU
	EndGlobalSection
	GlobalSection(ProjectConfigurationPlatforms) = postSolution
		{DEFF4009-1FAB-4392-80B6-707E2DC5C00B}.Debug|Any CPU.ActiveCfg = Debug|Any CPU
		{DEFF4009-1FAB-4392-80B6-707E2DC5C00B}.Debug|Any CPU.Build.0 = Debug|Any CPU
		{DEFF4009-1FAB-4392-80B6-707E2DC5C00B}.Release|Any CPU.ActiveCfg = Release|Any CPU
		{DEFF4009-1FAB-4392-80B6-707E2DC5C00B}.Release|Any CPU.Build.0 = Release|Any CPU
		{DC37FD87-552C-4613-9F16-1537CA522898}.Debug|Any CPU.ActiveCfg = Debug|Any CPU
		{DC37FD87-552C-4613-9F16-1537CA522898}.Debug|Any CPU.Build.0 = Debug|Any CPU
		{DC37FD87-552C-4613-9F16-1537CA522898}.Release|Any CPU.ActiveCfg = Release|Any CPU
		{DC37FD87-552C-4613-9F16-1537CA522898}.Release|Any CPU.Build.0 = Release|Any CPU
		{277029AF-D9E1-4B75-9F11-48FEA7345AD7}.Debug|Any CPU.ActiveCfg = Debug|Any CPU
		{277029AF-D9E1-4B75-9F11-48FEA7345AD7}.Debug|Any CPU.Build.0 = Debug|Any CPU
		{277029AF-D9E1-4B75-9F11-48FEA7345AD7}.Release|Any CPU.ActiveCfg = Release|Any CPU
		{277029AF-D9E1-4B75-9F11-48FEA7345AD7}.Release|Any CPU.Build.0 = Release|Any CPU
		{25322591-61DE-49B8-BA7D-21E18E2E43D0}.Debug|Any CPU.ActiveCfg = Debug|Any CPU
		{25322591-61DE-49B8-BA7D-21E18E2E43D0}.Debug|Any CPU.Build.0 = Debug|Any CPU
		{25322591-61DE-49B8-BA7D-21E18E2E43D0}.Release|Any CPU.ActiveCfg = Release|Any CPU
		{25322591-61DE-49B8-BA7D-21E18E2E43D0}.Release|Any CPU.Build.0 = Release|Any CPU
		{5708E835-8BB5-483E-85CD-75BE8C591E61}.Debug|Any CPU.ActiveCfg = Debug|Any CPU
		{5708E835-8BB5-483E-85CD-75BE8C591E61}.Debug|Any CPU.Build.0 = Debug|Any CPU
		{5708E835-8BB5-483E-85CD-75BE8C591E61}.Release|Any CPU.ActiveCfg = Release|Any CPU
		{5708E835-8BB5-483E-85CD-75BE8C591E61}.Release|Any CPU.Build.0 = Release|Any CPU
		{D3417AD0-DAB3-439C-A944-FC5D3F42DD7E}.Debug|Any CPU.ActiveCfg = Debug|Any CPU
		{D3417AD0-DAB3-439C-A944-FC5D3F42DD7E}.Debug|Any CPU.Build.0 = Debug|Any CPU
		{D3417AD0-DAB3-439C-A944-FC5D3F42DD7E}.Release|Any CPU.ActiveCfg = Release|Any CPU
		{D3417AD0-DAB3-439C-A944-FC5D3F42DD7E}.Release|Any CPU.Build.0 = Release|Any CPU
		{3C84AD5A-FD20-4418-9914-1EFE28717F95}.Debug|Any CPU.ActiveCfg = Debug|Any CPU
		{3C84AD5A-FD20-4418-9914-1EFE28717F95}.Debug|Any CPU.Build.0 = Debug|Any CPU
		{3C84AD5A-FD20-4418-9914-1EFE28717F95}.Release|Any CPU.ActiveCfg = Release|Any CPU
		{3C84AD5A-FD20-4418-9914-1EFE28717F95}.Release|Any CPU.Build.0 = Release|Any CPU
		{13CA0A75-489C-4D06-ABB4-15B6D8C71929}.Debug|Any CPU.ActiveCfg = Debug|Any CPU
		{13CA0A75-489C-4D06-ABB4-15B6D8C71929}.Debug|Any CPU.Build.0 = Debug|Any CPU
		{13CA0A75-489C-4D06-ABB4-15B6D8C71929}.Release|Any CPU.ActiveCfg = Release|Any CPU
		{13CA0A75-489C-4D06-ABB4-15B6D8C71929}.Release|Any CPU.Build.0 = Release|Any CPU
		{72B0E5DA-80AE-48F0-ACAA-B40BDBF9D941}.Debug|Any CPU.ActiveCfg = Debug|Any CPU
		{72B0E5DA-80AE-48F0-ACAA-B40BDBF9D941}.Debug|Any CPU.Build.0 = Debug|Any CPU
		{72B0E5DA-80AE-48F0-ACAA-B40BDBF9D941}.Release|Any CPU.ActiveCfg = Release|Any CPU
		{72B0E5DA-80AE-48F0-ACAA-B40BDBF9D941}.Release|Any CPU.Build.0 = Release|Any CPU
		{75DB035F-5081-4934-A751-90F2E21BF3D1}.Debug|Any CPU.ActiveCfg = Debug|Any CPU
		{75DB035F-5081-4934-A751-90F2E21BF3D1}.Debug|Any CPU.Build.0 = Debug|Any CPU
		{75DB035F-5081-4934-A751-90F2E21BF3D1}.Release|Any CPU.ActiveCfg = Release|Any CPU
		{75DB035F-5081-4934-A751-90F2E21BF3D1}.Release|Any CPU.Build.0 = Release|Any CPU
		{727905B8-C71D-4800-B4AA-938C6DC40989}.Debug|Any CPU.ActiveCfg = Debug|Any CPU
		{727905B8-C71D-4800-B4AA-938C6DC40989}.Debug|Any CPU.Build.0 = Debug|Any CPU
		{727905B8-C71D-4800-B4AA-938C6DC40989}.Release|Any CPU.ActiveCfg = Release|Any CPU
		{727905B8-C71D-4800-B4AA-938C6DC40989}.Release|Any CPU.Build.0 = Release|Any CPU
		{9C648446-608B-47EA-85A3-F92A14A382A9}.Debug|Any CPU.ActiveCfg = Debug|Any CPU
		{9C648446-608B-47EA-85A3-F92A14A382A9}.Debug|Any CPU.Build.0 = Debug|Any CPU
		{9C648446-608B-47EA-85A3-F92A14A382A9}.Release|Any CPU.ActiveCfg = Release|Any CPU
		{9C648446-608B-47EA-85A3-F92A14A382A9}.Release|Any CPU.Build.0 = Release|Any CPU
		{73D7F6A9-D578-4436-9B1A-7CF97D577E36}.Debug|Any CPU.ActiveCfg = Debug|Any CPU
		{73D7F6A9-D578-4436-9B1A-7CF97D577E36}.Debug|Any CPU.Build.0 = Debug|Any CPU
		{73D7F6A9-D578-4436-9B1A-7CF97D577E36}.Release|Any CPU.ActiveCfg = Release|Any CPU
		{73D7F6A9-D578-4436-9B1A-7CF97D577E36}.Release|Any CPU.Build.0 = Release|Any CPU
		{044F3308-801F-4BFD-A8D5-073E453EACF7}.Debug|Any CPU.ActiveCfg = Debug|Any CPU
		{044F3308-801F-4BFD-A8D5-073E453EACF7}.Debug|Any CPU.Build.0 = Debug|Any CPU
		{044F3308-801F-4BFD-A8D5-073E453EACF7}.Release|Any CPU.ActiveCfg = Release|Any CPU
		{044F3308-801F-4BFD-A8D5-073E453EACF7}.Release|Any CPU.Build.0 = Release|Any CPU
		{ACEE39B8-BDD6-42CA-B233-41C9F6879531}.Debug|Any CPU.ActiveCfg = Debug|Any CPU
		{ACEE39B8-BDD6-42CA-B233-41C9F6879531}.Debug|Any CPU.Build.0 = Debug|Any CPU
		{ACEE39B8-BDD6-42CA-B233-41C9F6879531}.Release|Any CPU.ActiveCfg = Release|Any CPU
		{ACEE39B8-BDD6-42CA-B233-41C9F6879531}.Release|Any CPU.Build.0 = Release|Any CPU
		{5CF296CC-62CF-41E3-AEF5-B322E2E5F978}.Debug|Any CPU.ActiveCfg = Debug|Any CPU
		{5CF296CC-62CF-41E3-AEF5-B322E2E5F978}.Debug|Any CPU.Build.0 = Debug|Any CPU
		{5CF296CC-62CF-41E3-AEF5-B322E2E5F978}.Release|Any CPU.ActiveCfg = Release|Any CPU
		{5CF296CC-62CF-41E3-AEF5-B322E2E5F978}.Release|Any CPU.Build.0 = Release|Any CPU
		{0B00A7F1-6B2B-4B0D-921D-B707DA82D846}.Debug|Any CPU.ActiveCfg = Debug|Any CPU
		{0B00A7F1-6B2B-4B0D-921D-B707DA82D846}.Debug|Any CPU.Build.0 = Debug|Any CPU
		{0B00A7F1-6B2B-4B0D-921D-B707DA82D846}.Release|Any CPU.ActiveCfg = Release|Any CPU
		{0B00A7F1-6B2B-4B0D-921D-B707DA82D846}.Release|Any CPU.Build.0 = Release|Any CPU
	EndGlobalSection
	GlobalSection(SolutionProperties) = preSolution
		HideSolutionNode = FALSE
	EndGlobalSection
	GlobalSection(NestedProjects) = preSolution
		{DEFF4009-1FAB-4392-80B6-707E2DC5C00B} = {664D406C-2F83-48F0-BFC3-408D5CB53C65}
		{DC37FD87-552C-4613-9F16-1537CA522898} = {664D406C-2F83-48F0-BFC3-408D5CB53C65}
		{277029AF-D9E1-4B75-9F11-48FEA7345AD7} = {664D406C-2F83-48F0-BFC3-408D5CB53C65}
		{25322591-61DE-49B8-BA7D-21E18E2E43D0} = {6ED356A7-8B47-4613-AD01-C85CF28491BD}
		{5708E835-8BB5-483E-85CD-75BE8C591E61} = {6ED356A7-8B47-4613-AD01-C85CF28491BD}
		{65AD819B-0E05-4ADE-BE60-A4E0E411D862} = {72193F16-4B40-4706-912A-0D3246B9F98A}
		{0E29282F-8FAA-44E3-A06F-774E77E4F8C0} = {72193F16-4B40-4706-912A-0D3246B9F98A}
		{D3417AD0-DAB3-439C-A944-FC5D3F42DD7E} = {65AD819B-0E05-4ADE-BE60-A4E0E411D862}
		{3C84AD5A-FD20-4418-9914-1EFE28717F95} = {65AD819B-0E05-4ADE-BE60-A4E0E411D862}
		{13CA0A75-489C-4D06-ABB4-15B6D8C71929} = {65AD819B-0E05-4ADE-BE60-A4E0E411D862}
		{72B0E5DA-80AE-48F0-ACAA-B40BDBF9D941} = {0E29282F-8FAA-44E3-A06F-774E77E4F8C0}
		{75DB035F-5081-4934-A751-90F2E21BF3D1} = {0E29282F-8FAA-44E3-A06F-774E77E4F8C0}
		{727905B8-C71D-4800-B4AA-938C6DC40989} = {0E29282F-8FAA-44E3-A06F-774E77E4F8C0}
		{9C648446-608B-47EA-85A3-F92A14A382A9} = {65AD819B-0E05-4ADE-BE60-A4E0E411D862}
		{73D7F6A9-D578-4436-9B1A-7CF97D577E36} = {288EAB21-3041-4058-9A2D-14495A553976}
		{044F3308-801F-4BFD-A8D5-073E453EACF7} = {288EAB21-3041-4058-9A2D-14495A553976}
		{ACEE39B8-BDD6-42CA-B233-41C9F6879531} = {288EAB21-3041-4058-9A2D-14495A553976}
		{72193F16-4B40-4706-912A-0D3246B9F98A} = {6ED356A7-8B47-4613-AD01-C85CF28491BD}
		{288EAB21-3041-4058-9A2D-14495A553976} = {6ED356A7-8B47-4613-AD01-C85CF28491BD}
		{5CF296CC-62CF-41E3-AEF5-B322E2E5F978} = {6ED356A7-8B47-4613-AD01-C85CF28491BD}
		{0B00A7F1-6B2B-4B0D-921D-B707DA82D846} = {6ED356A7-8B47-4613-AD01-C85CF28491BD}
	EndGlobalSection
	GlobalSection(ExtensibilityGlobals) = postSolution
		SolutionGuid = {3CB609D9-5D54-4C11-A371-DAAC8B74E430}
	EndGlobalSection
EndGlobal
