
Microsoft Visual Studio Solution File, Format Version 12.00
# Visual Studio Version 16
VisualStudioVersion = 16.0.29319.158
MinimumVisualStudioVersion = 10.0.40219.1
Project("{9A19103F-16F7-4668-BE54-9A1E7A4F7556}") = "Todolist.Domain", "src\Domain\Todolist.Domain.csproj", "{C7E89A3E-A631-4760-8D61-BD1EAB1C4E69}"
EndProject
Project("{9A19103F-16F7-4668-BE54-9A1E7A4F7556}") = "Todolist.Application", "src\Application\Todolist.Application.csproj", "{34C0FACD-F3D9-400C-8945-554DD6B0819A}"
EndProject
Project("{9A19103F-16F7-4668-BE54-9A1E7A4F7556}") = "Todolist.Infrastructure", "src\Infrastructure\Todolist.Infrastructure.csproj", "{117DA02F-5274-4565-ACC6-DA9B6E568B09}"
EndProject
Project("{2150E333-8FDC-42A3-9474-1A3956D46DE8}") = "src", "src", "{6ED356A7-8B47-4613-AD01-C85CF28491BD}"
EndProject
Project("{2150E333-8FDC-42A3-9474-1A3956D46DE8}") = "tests", "tests", "{664D406C-2F83-48F0-BFC3-408D5CB53C65}"
EndProject
Project("{9A19103F-16F7-4668-BE54-9A1E7A4F7556}") = "Application.UnitTests", "tests\Application.UnitTests\Application.UnitTests.csproj", "{DEFF4009-1FAB-4392-80B6-707E2DC5C00B}"
EndProject
Project("{9A19103F-16F7-4668-BE54-9A1E7A4F7556}") = "Domain.UnitTests", "tests\Domain.UnitTests\Domain.UnitTests.csproj", "{DC37FD87-552C-4613-9F16-1537CA522898}"
EndProject
Project("{9A19103F-16F7-4668-BE54-9A1E7A4F7556}") = "Application.IntegrationTests", "tests\Application.IntegrationTests\Application.IntegrationTests.csproj", "{277029AF-D9E1-4B75-9F11-48FEA7345AD7}"
EndProject
Project("{9A19103F-16F7-4668-BE54-9A1E7A4F7556}") = "API", "src\API\API.csproj", "{25322591-61DE-49B8-BA7D-21E18E2E43D0}"
EndProject
Project("{9A19103F-16F7-4668-BE54-9A1E7A4F7556}") = "BlazorUI", "src\BlazorUI\BlazorUI.csproj", "{5708E835-8BB5-483E-85CD-75BE8C591E61}"
EndProject
Project("{2150E333-8FDC-42A3-9474-1A3956D46DE8}") = "Modules", "Modules", "{C9A55F3C-F7C0-49F4-827E-8E79EDE7EEC8}"
EndProject
Project("{2150E333-8FDC-42A3-9474-1A3956D46DE8}") = "User", "User", "{65AD819B-0E05-4ADE-BE60-A4E0E411D862}"
EndProject
Project("{2150E333-8FDC-42A3-9474-1A3956D46DE8}") = "Todolist", "Todolist", "{0E29282F-8FAA-44E3-A06F-774E77E4F8C0}"
EndProject
Project("{2150E333-8FDC-42A3-9474-1A3956D46DE8}") = "Core", "Core", "{20B0B711-FFC5-473F-862E-FC371348A9D7}"
EndProject
Project("{9A19103F-16F7-4668-BE54-9A1E7A4F7556}") = "Common.Application", "src\Common.Application\Common.Application.csproj", "{6FF24EEE-ED43-4E0D-8613-92BBD7DEB5D5}"
EndProject
Project("{9A19103F-16F7-4668-BE54-9A1E7A4F7556}") = "Common.Domain", "src\Common.Domain\Common.Domain.csproj", "{A4AB243E-27F3-457F-B610-1185C5719584}"
EndProject
Project("{FAE04EC0-301F-11D3-BF4B-00C04F79EFBC}") = "User.Application", "src\User.Application\User.Application.csproj", "{D3417AD0-DAB3-439C-A944-FC5D3F42DD7E}"
EndProject
Project("{FAE04EC0-301F-11D3-BF4B-00C04F79EFBC}") = "User.Domain", "src\User.Domain\User.Domain.csproj", "{3C84AD5A-FD20-4418-9914-1EFE28717F95}"
EndProject
Project("{FAE04EC0-301F-11D3-BF4B-00C04F79EFBC}") = "User.Infrastructure", "src\User.Infrastructure\User.Infrastructure.csproj", "{13CA0A75-489C-4D06-ABB4-15B6D8C71929}"
EndProject
Project("{FAE04EC0-301F-11D3-BF4B-00C04F79EFBC}") = "Common.Infrastructure", "src\Common.Infrastructure\Common.Infrastructure.csproj", "{3924878B-98AF-4E3D-BCAB-07B454DA96AF}"
EndProject
Global
	GlobalSection(SolutionConfigurationPlatforms) = preSolution
		Debug|Any CPU = Debug|Any CPU
		Release|Any CPU = Release|Any CPU
	EndGlobalSection
	GlobalSection(ProjectConfigurationPlatforms) = postSolution
		{C7E89A3E-A631-4760-8D61-BD1EAB1C4E69}.Debug|Any CPU.ActiveCfg = Debug|Any CPU
		{C7E89A3E-A631-4760-8D61-BD1EAB1C4E69}.Debug|Any CPU.Build.0 = Debug|Any CPU
		{C7E89A3E-A631-4760-8D61-BD1EAB1C4E69}.Release|Any CPU.ActiveCfg = Release|Any CPU
		{C7E89A3E-A631-4760-8D61-BD1EAB1C4E69}.Release|Any CPU.Build.0 = Release|Any CPU
		{34C0FACD-F3D9-400C-8945-554DD6B0819A}.Debug|Any CPU.ActiveCfg = Debug|Any CPU
		{34C0FACD-F3D9-400C-8945-554DD6B0819A}.Debug|Any CPU.Build.0 = Debug|Any CPU
		{34C0FACD-F3D9-400C-8945-554DD6B0819A}.Release|Any CPU.ActiveCfg = Release|Any CPU
		{34C0FACD-F3D9-400C-8945-554DD6B0819A}.Release|Any CPU.Build.0 = Release|Any CPU
		{117DA02F-5274-4565-ACC6-DA9B6E568B09}.Debug|Any CPU.ActiveCfg = Debug|Any CPU
		{117DA02F-5274-4565-ACC6-DA9B6E568B09}.Debug|Any CPU.Build.0 = Debug|Any CPU
		{117DA02F-5274-4565-ACC6-DA9B6E568B09}.Release|Any CPU.ActiveCfg = Release|Any CPU
		{117DA02F-5274-4565-ACC6-DA9B6E568B09}.Release|Any CPU.Build.0 = Release|Any CPU
		{DEFF4009-1FAB-4392-80B6-707E2DC5C00B}.Debug|Any CPU.ActiveCfg = Debug|Any CPU
		{DEFF4009-1FAB-4392-80B6-707E2DC5C00B}.Debug|Any CPU.Build.0 = Debug|Any CPU
		{DEFF4009-1FAB-4392-80B6-707E2DC5C00B}.Release|Any CPU.ActiveCfg = Release|Any CPU
		{DEFF4009-1FAB-4392-80B6-707E2DC5C00B}.Release|Any CPU.Build.0 = Release|Any CPU
		{DC37FD87-552C-4613-9F16-1537CA522898}.Debug|Any CPU.ActiveCfg = Debug|Any CPU
		{DC37FD87-552C-4613-9F16-1537CA522898}.Debug|Any CPU.Build.0 = Debug|Any CPU
		{DC37FD87-552C-4613-9F16-1537CA522898}.Release|Any CPU.ActiveCfg = Release|Any CPU
		{DC37FD87-552C-4613-9F16-1537CA522898}.Release|Any CPU.Build.0 = Release|Any CPU
		{277029AF-D9E1-4B75-9F11-48FEA7345AD7}.Debug|Any CPU.ActiveCfg = Debug|Any CPU
		{277029AF-D9E1-4B75-9F11-48FEA7345AD7}.Debug|Any CPU.Build.0 = Debug|Any CPU
		{277029AF-D9E1-4B75-9F11-48FEA7345AD7}.Release|Any CPU.ActiveCfg = Release|Any CPU
		{277029AF-D9E1-4B75-9F11-48FEA7345AD7}.Release|Any CPU.Build.0 = Release|Any CPU
		{25322591-61DE-49B8-BA7D-21E18E2E43D0}.Debug|Any CPU.ActiveCfg = Debug|Any CPU
		{25322591-61DE-49B8-BA7D-21E18E2E43D0}.Debug|Any CPU.Build.0 = Debug|Any CPU
		{25322591-61DE-49B8-BA7D-21E18E2E43D0}.Release|Any CPU.ActiveCfg = Release|Any CPU
		{25322591-61DE-49B8-BA7D-21E18E2E43D0}.Release|Any CPU.Build.0 = Release|Any CPU
		{5708E835-8BB5-483E-85CD-75BE8C591E61}.Debug|Any CPU.ActiveCfg = Debug|Any CPU
		{5708E835-8BB5-483E-85CD-75BE8C591E61}.Debug|Any CPU.Build.0 = Debug|Any CPU
		{5708E835-8BB5-483E-85CD-75BE8C591E61}.Release|Any CPU.ActiveCfg = Release|Any CPU
		{5708E835-8BB5-483E-85CD-75BE8C591E61}.Release|Any CPU.Build.0 = Release|Any CPU
		{6FF24EEE-ED43-4E0D-8613-92BBD7DEB5D5}.Debug|Any CPU.ActiveCfg = Debug|Any CPU
		{6FF24EEE-ED43-4E0D-8613-92BBD7DEB5D5}.Debug|Any CPU.Build.0 = Debug|Any CPU
		{6FF24EEE-ED43-4E0D-8613-92BBD7DEB5D5}.Release|Any CPU.ActiveCfg = Release|Any CPU
		{6FF24EEE-ED43-4E0D-8613-92BBD7DEB5D5}.Release|Any CPU.Build.0 = Release|Any CPU
		{A4AB243E-27F3-457F-B610-1185C5719584}.Debug|Any CPU.ActiveCfg = Debug|Any CPU
		{A4AB243E-27F3-457F-B610-1185C5719584}.Debug|Any CPU.Build.0 = Debug|Any CPU
		{A4AB243E-27F3-457F-B610-1185C5719584}.Release|Any CPU.ActiveCfg = Release|Any CPU
		{A4AB243E-27F3-457F-B610-1185C5719584}.Release|Any CPU.Build.0 = Release|Any CPU
		{D3417AD0-DAB3-439C-A944-FC5D3F42DD7E}.Debug|Any CPU.ActiveCfg = Debug|Any CPU
		{D3417AD0-DAB3-439C-A944-FC5D3F42DD7E}.Debug|Any CPU.Build.0 = Debug|Any CPU
		{D3417AD0-DAB3-439C-A944-FC5D3F42DD7E}.Release|Any CPU.ActiveCfg = Release|Any CPU
		{D3417AD0-DAB3-439C-A944-FC5D3F42DD7E}.Release|Any CPU.Build.0 = Release|Any CPU
		{3C84AD5A-FD20-4418-9914-1EFE28717F95}.Debug|Any CPU.ActiveCfg = Debug|Any CPU
		{3C84AD5A-FD20-4418-9914-1EFE28717F95}.Debug|Any CPU.Build.0 = Debug|Any CPU
		{3C84AD5A-FD20-4418-9914-1EFE28717F95}.Release|Any CPU.ActiveCfg = Release|Any CPU
		{3C84AD5A-FD20-4418-9914-1EFE28717F95}.Release|Any CPU.Build.0 = Release|Any CPU
		{13CA0A75-489C-4D06-ABB4-15B6D8C71929}.Debug|Any CPU.ActiveCfg = Debug|Any CPU
		{13CA0A75-489C-4D06-ABB4-15B6D8C71929}.Debug|Any CPU.Build.0 = Debug|Any CPU
		{13CA0A75-489C-4D06-ABB4-15B6D8C71929}.Release|Any CPU.ActiveCfg = Release|Any CPU
		{13CA0A75-489C-4D06-ABB4-15B6D8C71929}.Release|Any CPU.Build.0 = Release|Any CPU
		{3924878B-98AF-4E3D-BCAB-07B454DA96AF}.Debug|Any CPU.ActiveCfg = Debug|Any CPU
		{3924878B-98AF-4E3D-BCAB-07B454DA96AF}.Debug|Any CPU.Build.0 = Debug|Any CPU
		{3924878B-98AF-4E3D-BCAB-07B454DA96AF}.Release|Any CPU.ActiveCfg = Release|Any CPU
		{3924878B-98AF-4E3D-BCAB-07B454DA96AF}.Release|Any CPU.Build.0 = Release|Any CPU
	EndGlobalSection
	GlobalSection(SolutionProperties) = preSolution
		HideSolutionNode = FALSE
	EndGlobalSection
	GlobalSection(NestedProjects) = preSolution
		{C7E89A3E-A631-4760-8D61-BD1EAB1C4E69} = {0E29282F-8FAA-44E3-A06F-774E77E4F8C0}
		{34C0FACD-F3D9-400C-8945-554DD6B0819A} = {0E29282F-8FAA-44E3-A06F-774E77E4F8C0}
		{117DA02F-5274-4565-ACC6-DA9B6E568B09} = {0E29282F-8FAA-44E3-A06F-774E77E4F8C0}
		{DEFF4009-1FAB-4392-80B6-707E2DC5C00B} = {664D406C-2F83-48F0-BFC3-408D5CB53C65}
		{DC37FD87-552C-4613-9F16-1537CA522898} = {664D406C-2F83-48F0-BFC3-408D5CB53C65}
		{277029AF-D9E1-4B75-9F11-48FEA7345AD7} = {664D406C-2F83-48F0-BFC3-408D5CB53C65}
		{25322591-61DE-49B8-BA7D-21E18E2E43D0} = {6ED356A7-8B47-4613-AD01-C85CF28491BD}
		{5708E835-8BB5-483E-85CD-75BE8C591E61} = {6ED356A7-8B47-4613-AD01-C85CF28491BD}
		{C9A55F3C-F7C0-49F4-827E-8E79EDE7EEC8} = {20B0B711-FFC5-473F-862E-FC371348A9D7}
		{65AD819B-0E05-4ADE-BE60-A4E0E411D862} = {C9A55F3C-F7C0-49F4-827E-8E79EDE7EEC8}
		{0E29282F-8FAA-44E3-A06F-774E77E4F8C0} = {C9A55F3C-F7C0-49F4-827E-8E79EDE7EEC8}
		{20B0B711-FFC5-473F-862E-FC371348A9D7} = {6ED356A7-8B47-4613-AD01-C85CF28491BD}
		{6FF24EEE-ED43-4E0D-8613-92BBD7DEB5D5} = {20B0B711-FFC5-473F-862E-FC371348A9D7}
		{A4AB243E-27F3-457F-B610-1185C5719584} = {20B0B711-FFC5-473F-862E-FC371348A9D7}
		{D3417AD0-DAB3-439C-A944-FC5D3F42DD7E} = {65AD819B-0E05-4ADE-BE60-A4E0E411D862}
		{3C84AD5A-FD20-4418-9914-1EFE28717F95} = {65AD819B-0E05-4ADE-BE60-A4E0E411D862}
		{13CA0A75-489C-4D06-ABB4-15B6D8C71929} = {65AD819B-0E05-4ADE-BE60-A4E0E411D862}
		{3924878B-98AF-4E3D-BCAB-07B454DA96AF} = {20B0B711-FFC5-473F-862E-FC371348A9D7}
	EndGlobalSection
	GlobalSection(ExtensibilityGlobals) = postSolution
		SolutionGuid = {3CB609D9-5D54-4C11-A371-DAAC8B74E430}
	EndGlobalSection
EndGlobal
